
Microsoft Visual Studio Solution File, Format Version 12.00
# Visual Studio Version 17
VisualStudioVersion = 17.8.34330.188
MinimumVisualStudioVersion = 10.0.40219.1
Project("{FAE04EC0-301F-11D3-BF4B-00C04F79EFBC}") = "MLnetAnomalyDetection", "MLnetAnomalyDetection\MLnetAnomalyDetection.csproj", "{DB4533CA-DD17-48AC-90F3-A6D01B6EB9FC}"
EndProject
Global
	GlobalSection(SolutionConfigurationPlatforms) = preSolution
		Debug|Any CPU = Debug|Any CPU
		Release|Any CPU = Release|Any CPU
	EndGlobalSection
	GlobalSection(ProjectConfigurationPlatforms) = postSolution
		{DB4533CA-DD17-48AC-90F3-A6D01B6EB9FC}.Debug|Any CPU.ActiveCfg = Debug|Any CPU
		{DB4533CA-DD17-48AC-90F3-A6D01B6EB9FC}.Debug|Any CPU.Build.0 = Debug|Any CPU
		{DB4533CA-DD17-48AC-90F3-A6D01B6EB9FC}.Release|Any CPU.ActiveCfg = Release|Any CPU
		{DB4533CA-DD17-48AC-90F3-A6D01B6EB9FC}.Release|Any CPU.Build.0 = Release|Any CPU
	EndGlobalSection
	GlobalSection(SolutionProperties) = preSolution
		HideSolutionNode = FALSE
	EndGlobalSection
	GlobalSection(ExtensibilityGlobals) = postSolution
		SolutionGuid = {BBC6460B-A36C-485B-95B9-917D36A4E4FA}
	EndGlobalSection
EndGlobal
